// !$*UTF8*$!
{
	archiveVersion = 1;
	classes = {
	};
	objectVersion = 51;
	objects = {

/* Begin PBXBuildFile section */
		056FF739626743C21D0F1E5F /* Pods_CampusTravel.framework in Frameworks */ = {isa = PBXBuildFile; fileRef = 357D98F408A1C96979CC5587 /* Pods_CampusTravel.framework */; };
		493E058624F314CC00F8BFB1 /* AppDelegate.swift in Sources */ = {isa = PBXBuildFile; fileRef = 493E058524F314CC00F8BFB1 /* AppDelegate.swift */; };
		493E058824F314CC00F8BFB1 /* SceneDelegate.swift in Sources */ = {isa = PBXBuildFile; fileRef = 493E058724F314CC00F8BFB1 /* SceneDelegate.swift */; };
		493E058A24F314CC00F8BFB1 /* LoginViewController.swift in Sources */ = {isa = PBXBuildFile; fileRef = 493E058924F314CC00F8BFB1 /* LoginViewController.swift */; };
		493E058D24F314CC00F8BFB1 /* Main.storyboard in Resources */ = {isa = PBXBuildFile; fileRef = 493E058B24F314CC00F8BFB1 /* Main.storyboard */; };
		493E058F24F314CD00F8BFB1 /* Assets.xcassets in Resources */ = {isa = PBXBuildFile; fileRef = 493E058E24F314CD00F8BFB1 /* Assets.xcassets */; };
		493E059224F314CD00F8BFB1 /* LaunchScreen.storyboard in Resources */ = {isa = PBXBuildFile; fileRef = 493E059024F314CD00F8BFB1 /* LaunchScreen.storyboard */; };
		493E059A24F3164B00F8BFB1 /* RegisterViewController.swift in Sources */ = {isa = PBXBuildFile; fileRef = 493E059924F3164B00F8BFB1 /* RegisterViewController.swift */; };
		493E059C24F317C100F8BFB1 /* ListingsViewController.swift in Sources */ = {isa = PBXBuildFile; fileRef = 493E059B24F317C100F8BFB1 /* ListingsViewController.swift */; };
		49E2C62424F5EFA300EC53D7 /* MessageComposer.swift in Sources */ = {isa = PBXBuildFile; fileRef = 49E2C62324F5EFA300EC53D7 /* MessageComposer.swift */; };
		49F2B7AC24F31AB700BB138E /* GoogleService-Info.plist in Resources */ = {isa = PBXBuildFile; fileRef = 49F2B7AB24F31AB700BB138E /* GoogleService-Info.plist */; };
		49F2B7B224F323B800BB138E /* AddViewController.swift in Sources */ = {isa = PBXBuildFile; fileRef = 49F2B7B124F323B800BB138E /* AddViewController.swift */; };
		49F2B7B624F3426200BB138E /* EditProfileViewController.swift in Sources */ = {isa = PBXBuildFile; fileRef = 49F2B7B524F3426200BB138E /* EditProfileViewController.swift */; };
		49F2B7B824F34A0800BB138E /* ViewListingViewController.swift in Sources */ = {isa = PBXBuildFile; fileRef = 49F2B7B724F34A0800BB138E /* ViewListingViewController.swift */; };
		49F7E5C124F6E1C000E89BE4 /* MenuListController.swift in Sources */ = {isa = PBXBuildFile; fileRef = 49F7E5C024F6E1C000E89BE4 /* MenuListController.swift */; };
/* End PBXBuildFile section */

/* Begin PBXFileReference section */
		357D98F408A1C96979CC5587 /* Pods_CampusTravel.framework */ = {isa = PBXFileReference; explicitFileType = wrapper.framework; includeInIndex = 0; path = Pods_CampusTravel.framework; sourceTree = BUILT_PRODUCTS_DIR; };
		4088F50421045C2668E93F61 /* Pods-CampusTravel.debug.xcconfig */ = {isa = PBXFileReference; includeInIndex = 1; lastKnownFileType = text.xcconfig; name = "Pods-CampusTravel.debug.xcconfig"; path = "Target Support Files/Pods-CampusTravel/Pods-CampusTravel.debug.xcconfig"; sourceTree = "<group>"; };
		493E058224F314CC00F8BFB1 /* CampusTravel.app */ = {isa = PBXFileReference; explicitFileType = wrapper.application; includeInIndex = 0; path = CampusTravel.app; sourceTree = BUILT_PRODUCTS_DIR; };
		493E058524F314CC00F8BFB1 /* AppDelegate.swift */ = {isa = PBXFileReference; lastKnownFileType = sourcecode.swift; path = AppDelegate.swift; sourceTree = "<group>"; };
		493E058724F314CC00F8BFB1 /* SceneDelegate.swift */ = {isa = PBXFileReference; lastKnownFileType = sourcecode.swift; path = SceneDelegate.swift; sourceTree = "<group>"; };
		493E058924F314CC00F8BFB1 /* LoginViewController.swift */ = {isa = PBXFileReference; lastKnownFileType = sourcecode.swift; path = LoginViewController.swift; sourceTree = "<group>"; };
		493E058C24F314CC00F8BFB1 /* Base */ = {isa = PBXFileReference; lastKnownFileType = file.storyboard; name = Base; path = Base.lproj/Main.storyboard; sourceTree = "<group>"; };
		493E058E24F314CD00F8BFB1 /* Assets.xcassets */ = {isa = PBXFileReference; lastKnownFileType = folder.assetcatalog; path = Assets.xcassets; sourceTree = "<group>"; };
		493E059124F314CD00F8BFB1 /* Base */ = {isa = PBXFileReference; lastKnownFileType = file.storyboard; name = Base; path = Base.lproj/LaunchScreen.storyboard; sourceTree = "<group>"; };
		493E059324F314CD00F8BFB1 /* Info.plist */ = {isa = PBXFileReference; lastKnownFileType = text.plist.xml; path = Info.plist; sourceTree = "<group>"; };
		493E059924F3164B00F8BFB1 /* RegisterViewController.swift */ = {isa = PBXFileReference; lastKnownFileType = sourcecode.swift; path = RegisterViewController.swift; sourceTree = "<group>"; };
		493E059B24F317C100F8BFB1 /* ListingsViewController.swift */ = {isa = PBXFileReference; lastKnownFileType = sourcecode.swift; path = ListingsViewController.swift; sourceTree = "<group>"; };
		49E2C62324F5EFA300EC53D7 /* MessageComposer.swift */ = {isa = PBXFileReference; lastKnownFileType = sourcecode.swift; path = MessageComposer.swift; sourceTree = "<group>"; };
		49F2B7AB24F31AB700BB138E /* GoogleService-Info.plist */ = {isa = PBXFileReference; fileEncoding = 4; lastKnownFileType = text.plist.xml; path = "GoogleService-Info.plist"; sourceTree = "<group>"; };
		49F2B7B124F323B800BB138E /* AddViewController.swift */ = {isa = PBXFileReference; lastKnownFileType = sourcecode.swift; path = AddViewController.swift; sourceTree = "<group>"; };
		49F2B7B524F3426200BB138E /* EditProfileViewController.swift */ = {isa = PBXFileReference; lastKnownFileType = sourcecode.swift; path = EditProfileViewController.swift; sourceTree = "<group>"; };
		49F2B7B724F34A0800BB138E /* ViewListingViewController.swift */ = {isa = PBXFileReference; lastKnownFileType = sourcecode.swift; path = ViewListingViewController.swift; sourceTree = "<group>"; };
		49F7E5C024F6E1C000E89BE4 /* MenuListController.swift */ = {isa = PBXFileReference; lastKnownFileType = sourcecode.swift; path = MenuListController.swift; sourceTree = "<group>"; };
		A1EAC85BF03E6F49509B5DCA /* Pods-CampusTravel.release.xcconfig */ = {isa = PBXFileReference; includeInIndex = 1; lastKnownFileType = text.xcconfig; name = "Pods-CampusTravel.release.xcconfig"; path = "Target Support Files/Pods-CampusTravel/Pods-CampusTravel.release.xcconfig"; sourceTree = "<group>"; };
/* End PBXFileReference section */

/* Begin PBXFrameworksBuildPhase section */
		493E057F24F314CC00F8BFB1 /* Frameworks */ = {
			isa = PBXFrameworksBuildPhase;
			buildActionMask = 2147483647;
			files = (
				056FF739626743C21D0F1E5F /* Pods_CampusTravel.framework in Frameworks */,
			);
			runOnlyForDeploymentPostprocessing = 0;
		};
/* End PBXFrameworksBuildPhase section */

/* Begin PBXGroup section */
		0E810E083F20FBCDFB669935 /* Pods */ = {
			isa = PBXGroup;
			children = (
				4088F50421045C2668E93F61 /* Pods-CampusTravel.debug.xcconfig */,
				A1EAC85BF03E6F49509B5DCA /* Pods-CampusTravel.release.xcconfig */,
			);
			path = Pods;
			sourceTree = "<group>";
		};
		181B7B51F623CA91102B1DFF /* Frameworks */ = {
			isa = PBXGroup;
			children = (
				357D98F408A1C96979CC5587 /* Pods_CampusTravel.framework */,
			);
			name = Frameworks;
			sourceTree = "<group>";
		};
		493E057924F314CC00F8BFB1 = {
			isa = PBXGroup;
			children = (
				493E058424F314CC00F8BFB1 /* CampusTravel */,
				493E058324F314CC00F8BFB1 /* Products */,
				0E810E083F20FBCDFB669935 /* Pods */,
				181B7B51F623CA91102B1DFF /* Frameworks */,
			);
			sourceTree = "<group>";
		};
		493E058324F314CC00F8BFB1 /* Products */ = {
			isa = PBXGroup;
			children = (
				493E058224F314CC00F8BFB1 /* CampusTravel.app */,
			);
			name = Products;
			sourceTree = "<group>";
		};
		493E058424F314CC00F8BFB1 /* CampusTravel */ = {
			isa = PBXGroup;
			children = (
				493E058524F314CC00F8BFB1 /* AppDelegate.swift */,
				493E058724F314CC00F8BFB1 /* SceneDelegate.swift */,
				493E059B24F317C100F8BFB1 /* ListingsViewController.swift */,
				49F7E5C024F6E1C000E89BE4 /* MenuListController.swift */,
				49F2B7B124F323B800BB138E /* AddViewController.swift */,
				49F2B7B724F34A0800BB138E /* ViewListingViewController.swift */,
				49E2C62324F5EFA300EC53D7 /* MessageComposer.swift */,
				49F2B7B524F3426200BB138E /* EditProfileViewController.swift */,
				493E058924F314CC00F8BFB1 /* LoginViewController.swift */,
				493E059924F3164B00F8BFB1 /* RegisterViewController.swift */,
				493E058B24F314CC00F8BFB1 /* Main.storyboard */,
				493E058E24F314CD00F8BFB1 /* Assets.xcassets */,
				493E059024F314CD00F8BFB1 /* LaunchScreen.storyboard */,
				493E059324F314CD00F8BFB1 /* Info.plist */,
				49F2B7AB24F31AB700BB138E /* GoogleService-Info.plist */,
			);
			path = CampusTravel;
			sourceTree = "<group>";
		};
/* End PBXGroup section */

/* Begin PBXNativeTarget section */
		493E058124F314CC00F8BFB1 /* CampusTravel */ = {
			isa = PBXNativeTarget;
			buildConfigurationList = 493E059624F314CD00F8BFB1 /* Build configuration list for PBXNativeTarget "CampusTravel" */;
			buildPhases = (
				2116374709E807F3BA14E316 /* [CP] Check Pods Manifest.lock */,
				493E057E24F314CC00F8BFB1 /* Sources */,
				493E057F24F314CC00F8BFB1 /* Frameworks */,
				493E058024F314CC00F8BFB1 /* Resources */,
				E5B3C8DCBE8C0DC0D239B625 /* [CP] Embed Pods Frameworks */,
			);
			buildRules = (
			);
			dependencies = (
			);
			name = CampusTravel;
			productName = CampusTravel;
			productReference = 493E058224F314CC00F8BFB1 /* CampusTravel.app */;
			productType = "com.apple.product-type.application";
		};
/* End PBXNativeTarget section */

/* Begin PBXProject section */
		493E057A24F314CC00F8BFB1 /* Project object */ = {
			isa = PBXProject;
			attributes = {
				LastSwiftUpdateCheck = 1160;
				LastUpgradeCheck = 1160;
				ORGANIZATIONNAME = "Andrew Mo";
				TargetAttributes = {
					493E058124F314CC00F8BFB1 = {
						CreatedOnToolsVersion = 11.6;
					};
				};
			};
			buildConfigurationList = 493E057D24F314CC00F8BFB1 /* Build configuration list for PBXProject "CampusTravel" */;
			compatibilityVersion = "Xcode 9.3";
			developmentRegion = en;
			hasScannedForEncodings = 0;
			knownRegions = (
				en,
				Base,
			);
			mainGroup = 493E057924F314CC00F8BFB1;
			productRefGroup = 493E058324F314CC00F8BFB1 /* Products */;
			projectDirPath = "";
			projectRoot = "";
			targets = (
				493E058124F314CC00F8BFB1 /* CampusTravel */,
			);
		};
/* End PBXProject section */

/* Begin PBXResourcesBuildPhase section */
		493E058024F314CC00F8BFB1 /* Resources */ = {
			isa = PBXResourcesBuildPhase;
			buildActionMask = 2147483647;
			files = (
				493E059224F314CD00F8BFB1 /* LaunchScreen.storyboard in Resources */,
				49F2B7AC24F31AB700BB138E /* GoogleService-Info.plist in Resources */,
				493E058F24F314CD00F8BFB1 /* Assets.xcassets in Resources */,
				493E058D24F314CC00F8BFB1 /* Main.storyboard in Resources */,
			);
			runOnlyForDeploymentPostprocessing = 0;
		};
/* End PBXResourcesBuildPhase section */

/* Begin PBXShellScriptBuildPhase section */
		2116374709E807F3BA14E316 /* [CP] Check Pods Manifest.lock */ = {
			isa = PBXShellScriptBuildPhase;
			buildActionMask = 2147483647;
			files = (
			);
			inputFileListPaths = (
			);
			inputPaths = (
				"${PODS_PODFILE_DIR_PATH}/Podfile.lock",
				"${PODS_ROOT}/Manifest.lock",
			);
			name = "[CP] Check Pods Manifest.lock";
			outputFileListPaths = (
			);
			outputPaths = (
				"$(DERIVED_FILE_DIR)/Pods-CampusTravel-checkManifestLockResult.txt",
			);
			runOnlyForDeploymentPostprocessing = 0;
			shellPath = /bin/sh;
			shellScript = "diff \"${PODS_PODFILE_DIR_PATH}/Podfile.lock\" \"${PODS_ROOT}/Manifest.lock\" > /dev/null\nif [ $? != 0 ] ; then\n    # print error to STDERR\n    echo \"error: The sandbox is not in sync with the Podfile.lock. Run 'pod install' or update your CocoaPods installation.\" >&2\n    exit 1\nfi\n# This output is used by Xcode 'outputs' to avoid re-running this script phase.\necho \"SUCCESS\" > \"${SCRIPT_OUTPUT_FILE_0}\"\n";
			showEnvVarsInLog = 0;
		};
		E5B3C8DCBE8C0DC0D239B625 /* [CP] Embed Pods Frameworks */ = {
			isa = PBXShellScriptBuildPhase;
			buildActionMask = 2147483647;
			files = (
			);
			inputFileListPaths = (
				"${PODS_ROOT}/Target Support Files/Pods-CampusTravel/Pods-CampusTravel-frameworks-${CONFIGURATION}-input-files.xcfilelist",
			);
			name = "[CP] Embed Pods Frameworks";
			outputFileListPaths = (
				"${PODS_ROOT}/Target Support Files/Pods-CampusTravel/Pods-CampusTravel-frameworks-${CONFIGURATION}-output-files.xcfilelist",
			);
			runOnlyForDeploymentPostprocessing = 0;
			shellPath = /bin/sh;
			shellScript = "\"${PODS_ROOT}/Target Support Files/Pods-CampusTravel/Pods-CampusTravel-frameworks.sh\"\n";
			showEnvVarsInLog = 0;
		};
/* End PBXShellScriptBuildPhase section */

/* Begin PBXSourcesBuildPhase section */
		493E057E24F314CC00F8BFB1 /* Sources */ = {
			isa = PBXSourcesBuildPhase;
			buildActionMask = 2147483647;
			files = (
				493E058A24F314CC00F8BFB1 /* LoginViewController.swift in Sources */,
				493E058624F314CC00F8BFB1 /* AppDelegate.swift in Sources */,
				49F2B7B224F323B800BB138E /* AddViewController.swift in Sources */,
				49F7E5C124F6E1C000E89BE4 /* MenuListController.swift in Sources */,
				493E058824F314CC00F8BFB1 /* SceneDelegate.swift in Sources */,
				493E059A24F3164B00F8BFB1 /* RegisterViewController.swift in Sources */,
				493E059C24F317C100F8BFB1 /* ListingsViewController.swift in Sources */,
				49F2B7B824F34A0800BB138E /* ViewListingViewController.swift in Sources */,
				49F2B7B624F3426200BB138E /* EditProfileViewController.swift in Sources */,
				49E2C62424F5EFA300EC53D7 /* MessageComposer.swift in Sources */,
			);
			runOnlyForDeploymentPostprocessing = 0;
		};
/* End PBXSourcesBuildPhase section */

/* Begin PBXVariantGroup section */
		493E058B24F314CC00F8BFB1 /* Main.storyboard */ = {
			isa = PBXVariantGroup;
			children = (
				493E058C24F314CC00F8BFB1 /* Base */,
			);
			name = Main.storyboard;
			sourceTree = "<group>";
		};
		493E059024F314CD00F8BFB1 /* LaunchScreen.storyboard */ = {
			isa = PBXVariantGroup;
			children = (
				493E059124F314CD00F8BFB1 /* Base */,
			);
			name = LaunchScreen.storyboard;
			sourceTree = "<group>";
		};
/* End PBXVariantGroup section */

/* Begin XCBuildConfiguration section */
		493E059424F314CD00F8BFB1 /* Debug */ = {
			isa = XCBuildConfiguration;
			buildSettings = {
				ALWAYS_SEARCH_USER_PATHS = NO;
				CLANG_ANALYZER_NONNULL = YES;
				CLANG_ANALYZER_NUMBER_OBJECT_CONVERSION = YES_AGGRESSIVE;
				CLANG_CXX_LANGUAGE_STANDARD = "gnu++14";
				CLANG_CXX_LIBRARY = "libc++";
				CLANG_ENABLE_MODULES = YES;
				CLANG_ENABLE_OBJC_ARC = YES;
				CLANG_ENABLE_OBJC_WEAK = YES;
				CLANG_WARN_BLOCK_CAPTURE_AUTORELEASING = YES;
				CLANG_WARN_BOOL_CONVERSION = YES;
				CLANG_WARN_COMMA = YES;
				CLANG_WARN_CONSTANT_CONVERSION = YES;
				CLANG_WARN_DEPRECATED_OBJC_IMPLEMENTATIONS = YES;
				CLANG_WARN_DIRECT_OBJC_ISA_USAGE = YES_ERROR;
				CLANG_WARN_DOCUMENTATION_COMMENTS = YES;
				CLANG_WARN_EMPTY_BODY = YES;
				CLANG_WARN_ENUM_CONVERSION = YES;
				CLANG_WARN_INFINITE_RECURSION = YES;
				CLANG_WARN_INT_CONVERSION = YES;
				CLANG_WARN_NON_LITERAL_NULL_CONVERSION = YES;
				CLANG_WARN_OBJC_IMPLICIT_RETAIN_SELF = YES;
				CLANG_WARN_OBJC_LITERAL_CONVERSION = YES;
				CLANG_WARN_OBJC_ROOT_CLASS = YES_ERROR;
				CLANG_WARN_RANGE_LOOP_ANALYSIS = YES;
				CLANG_WARN_STRICT_PROTOTYPES = YES;
				CLANG_WARN_SUSPICIOUS_MOVE = YES;
				CLANG_WARN_UNGUARDED_AVAILABILITY = YES_AGGRESSIVE;
				CLANG_WARN_UNREACHABLE_CODE = YES;
				CLANG_WARN__DUPLICATE_METHOD_MATCH = YES;
				COPY_PHASE_STRIP = NO;
				DEBUG_INFORMATION_FORMAT = dwarf;
				ENABLE_STRICT_OBJC_MSGSEND = YES;
				ENABLE_TESTABILITY = YES;
				GCC_C_LANGUAGE_STANDARD = gnu11;
				GCC_DYNAMIC_NO_PIC = NO;
				GCC_NO_COMMON_BLOCKS = YES;
				GCC_OPTIMIZATION_LEVEL = 0;
				GCC_PREPROCESSOR_DEFINITIONS = (
					"DEBUG=1",
					"$(inherited)",
				);
				GCC_WARN_64_TO_32_BIT_CONVERSION = YES;
				GCC_WARN_ABOUT_RETURN_TYPE = YES_ERROR;
				GCC_WARN_UNDECLARED_SELECTOR = YES;
				GCC_WARN_UNINITIALIZED_AUTOS = YES_AGGRESSIVE;
				GCC_WARN_UNUSED_FUNCTION = YES;
				GCC_WARN_UNUSED_VARIABLE = YES;
				IPHONEOS_DEPLOYMENT_TARGET = 13.6;
				MTL_ENABLE_DEBUG_INFO = INCLUDE_SOURCE;
				MTL_FAST_MATH = YES;
				ONLY_ACTIVE_ARCH = YES;
				SDKROOT = iphoneos;
				SWIFT_ACTIVE_COMPILATION_CONDITIONS = DEBUG;
				SWIFT_OPTIMIZATION_LEVEL = "-Onone";
			};
			name = Debug;
		};
		493E059524F314CD00F8BFB1 /* Release */ = {
			isa = XCBuildConfiguration;
			buildSettings = {
				ALWAYS_SEARCH_USER_PATHS = NO;
				CLANG_ANALYZER_NONNULL = YES;
				CLANG_ANALYZER_NUMBER_OBJECT_CONVERSION = YES_AGGRESSIVE;
				CLANG_CXX_LANGUAGE_STANDARD = "gnu++14";
				CLANG_CXX_LIBRARY = "libc++";
				CLANG_ENABLE_MODULES = YES;
				CLANG_ENABLE_OBJC_ARC = YES;
				CLANG_ENABLE_OBJC_WEAK = YES;
				CLANG_WARN_BLOCK_CAPTURE_AUTORELEASING = YES;
				CLANG_WARN_BOOL_CONVERSION = YES;
				CLANG_WARN_COMMA = YES;
				CLANG_WARN_CONSTANT_CONVERSION = YES;
				CLANG_WARN_DEPRECATED_OBJC_IMPLEMENTATIONS = YES;
				CLANG_WARN_DIRECT_OBJC_ISA_USAGE = YES_ERROR;
				CLANG_WARN_DOCUMENTATION_COMMENTS = YES;
				CLANG_WARN_EMPTY_BODY = YES;
				CLANG_WARN_ENUM_CONVERSION = YES;
				CLANG_WARN_INFINITE_RECURSION = YES;
				CLANG_WARN_INT_CONVERSION = YES;
				CLANG_WARN_NON_LITERAL_NULL_CONVERSION = YES;
				CLANG_WARN_OBJC_IMPLICIT_RETAIN_SELF = YES;
				CLANG_WARN_OBJC_LITERAL_CONVERSION = YES;
				CLANG_WARN_OBJC_ROOT_CLASS = YES_ERROR;
				CLANG_WARN_RANGE_LOOP_ANALYSIS = YES;
				CLANG_WARN_STRICT_PROTOTYPES = YES;
				CLANG_WARN_SUSPICIOUS_MOVE = YES;
				CLANG_WARN_UNGUARDED_AVAILABILITY = YES_AGGRESSIVE;
				CLANG_WARN_UNREACHABLE_CODE = YES;
				CLANG_WARN__DUPLICATE_METHOD_MATCH = YES;
				COPY_PHASE_STRIP = NO;
				DEBUG_INFORMATION_FORMAT = "dwarf-with-dsym";
				ENABLE_NS_ASSERTIONS = NO;
				ENABLE_STRICT_OBJC_MSGSEND = YES;
				GCC_C_LANGUAGE_STANDARD = gnu11;
				GCC_NO_COMMON_BLOCKS = YES;
				GCC_WARN_64_TO_32_BIT_CONVERSION = YES;
				GCC_WARN_ABOUT_RETURN_TYPE = YES_ERROR;
				GCC_WARN_UNDECLARED_SELECTOR = YES;
				GCC_WARN_UNINITIALIZED_AUTOS = YES_AGGRESSIVE;
				GCC_WARN_UNUSED_FUNCTION = YES;
				GCC_WARN_UNUSED_VARIABLE = YES;
				IPHONEOS_DEPLOYMENT_TARGET = 13.6;
				MTL_ENABLE_DEBUG_INFO = NO;
				MTL_FAST_MATH = YES;
				SDKROOT = iphoneos;
				SWIFT_COMPILATION_MODE = wholemodule;
				SWIFT_OPTIMIZATION_LEVEL = "-O";
				VALIDATE_PRODUCT = YES;
			};
			name = Release;
		};
		493E059724F314CD00F8BFB1 /* Debug */ = {
			isa = XCBuildConfiguration;
			baseConfigurationReference = 4088F50421045C2668E93F61 /* Pods-CampusTravel.debug.xcconfig */;
			buildSettings = {
				ASSETCATALOG_COMPILER_APPICON_NAME = AppIcon;
				CODE_SIGN_STYLE = Automatic;
				DEVELOPMENT_TEAM = RD4JHDYVT6;
				INFOPLIST_FILE = CampusTravel/Info.plist;
				LD_RUNPATH_SEARCH_PATHS = (
					"$(inherited)",
					"@executable_path/Frameworks",
				);
				PRODUCT_BUNDLE_IDENTIFIER = com.andrewmo.CampusTravel;
				PRODUCT_NAME = "$(TARGET_NAME)";
				SWIFT_VERSION = 5.0;
				TARGETED_DEVICE_FAMILY = "1,2";
			};
			name = Debug;
		};
		493E059824F314CD00F8BFB1 /* Release */ = {
			isa = XCBuildConfiguration;
			baseConfigurationReference = A1EAC85BF03E6F49509B5DCA /* Pods-CampusTravel.release.xcconfig */;
			buildSettings = {
				ASSETCATALOG_COMPILER_APPICON_NAME = AppIcon;
				CODE_SIGN_STYLE = Automatic;
				DEVELOPMENT_TEAM = RD4JHDYVT6;
				INFOPLIST_FILE = CampusTravel/Info.plist;
				LD_RUNPATH_SEARCH_PATHS = (
					"$(inherited)",
					"@executable_path/Frameworks",
				);
				PRODUCT_BUNDLE_IDENTIFIER = com.andrewmo.CampusTravel;
				PRODUCT_NAME = "$(TARGET_NAME)";
				SWIFT_VERSION = 5.0;
				TARGETED_DEVICE_FAMILY = "1,2";
			};
			name = Release;
		};
/* End XCBuildConfiguration section */

/* Begin XCConfigurationList section */
		493E057D24F314CC00F8BFB1 /* Build configuration list for PBXProject "CampusTravel" */ = {
			isa = XCConfigurationList;
			buildConfigurations = (
				493E059424F314CD00F8BFB1 /* Debug */,
				493E059524F314CD00F8BFB1 /* Release */,
			);
			defaultConfigurationIsVisible = 0;
			defaultConfigurationName = Release;
		};
		493E059624F314CD00F8BFB1 /* Build configuration list for PBXNativeTarget "CampusTravel" */ = {
			isa = XCConfigurationList;
			buildConfigurations = (
				493E059724F314CD00F8BFB1 /* Debug */,
				493E059824F314CD00F8BFB1 /* Release */,
			);
			defaultConfigurationIsVisible = 0;
			defaultConfigurationName = Release;
		};
/* End XCConfigurationList section */
	};
	rootObject = 493E057A24F314CC00F8BFB1 /* Project object */;
}
